docs/architecture/daytona-streaming-session.md -> apps/symphony-orchestrator/src/daytona/daytona-client.ts sig:a41a9c8b420875be
docs/architecture/daytona-streaming-session.md -> apps/symphony-orchestrator/src/daytona/daytona.session.ts sig:6a13fc2f7a911c9a
docs/architecture/daytona-streaming-session.md -> apps/symphony-orchestrator/src/daytona/errors.ts sig:98c30cd5c4a79462
docs/architecture/daytona-streaming-session.md -> apps/symphony-orchestrator/src/daytona/session-models.ts sig:070fefcacadd8344
docs/architecture/fp-boundary.md -> apps/symphony-orchestrator/src/fp/adapter.ts sig:f01143378adfc686
docs/architecture/fp-boundary.md -> apps/symphony-orchestrator/src/fp/eligibility.ts sig:c40686bc1da4f53a
docs/architecture/fp-boundary.md -> apps/symphony-orchestrator/src/fp/errors.ts sig:b55a6fb6d3decb85
docs/architecture/fp-boundary.md -> apps/symphony-orchestrator/src/fp/models.ts sig:e915a696c34306a0
docs/architecture/fp-boundary.md -> apps/symphony-orchestrator/src/fp/symphony-properties.ts sig:eeb16ec80944614b
