version = 1

[[bindings]]
doc = "docs/architecture/daytona-streaming-session.md"
target = "apps/symphony-orchestrator/src/daytona/daytona-client.ts"
sig = "e74c305f704f784e"

[[bindings]]
doc = "docs/architecture/daytona-streaming-session.md"
target = "apps/symphony-orchestrator/src/daytona/daytona.session.ts"
sig = "9af35d4fcc17521e"

[[bindings]]
doc = "docs/architecture/daytona-streaming-session.md"
target = "apps/symphony-orchestrator/src/daytona/errors.ts"
sig = "98c30cd5c4a79462"

[[bindings]]
doc = "docs/architecture/daytona-streaming-session.md"
target = "apps/symphony-orchestrator/src/daytona/session-models.ts"
sig = "070fefcacadd8344"

[[bindings]]
doc = "docs/architecture/fp-boundary.md"
target = "apps/symphony-orchestrator/src/fp/adapter.ts"
sig = "f01143378adfc686"

[[bindings]]
doc = "docs/architecture/fp-boundary.md"
target = "apps/symphony-orchestrator/src/fp/eligibility.ts"
sig = "c40686bc1da4f53a"

[[bindings]]
doc = "docs/architecture/fp-boundary.md"
target = "apps/symphony-orchestrator/src/fp/errors.ts"
sig = "b55a6fb6d3decb85"

[[bindings]]
doc = "docs/architecture/fp-boundary.md"
target = "apps/symphony-orchestrator/src/fp/models.ts"
sig = "e915a696c34306a0"

[[bindings]]
doc = "docs/architecture/fp-boundary.md"
target = "apps/symphony-orchestrator/src/fp/symphony-properties.ts"
sig = "eeb16ec80944614b"

[[bindings]]
doc = "docs/architecture/observability.md"
target = "apps/symphony-orchestrator/src/index.ts"
sig = "7d2d9101cec57c1b"

[[bindings]]
doc = "docs/architecture/observability.md"
target = "apps/symphony-orchestrator/src/observability/logger.ts"
sig = "7f1d8b171d799051"

[[bindings]]
doc = "docs/architecture/orchestrator-runone.md"
target = "apps/symphony-orchestrator/src/orchestrator/errors.ts"
sig = "2e599bb0981cc19e"

[[bindings]]
doc = "docs/architecture/orchestrator-runone.md"
target = "apps/symphony-orchestrator/src/orchestrator/selector.ts"
sig = "880dcf0fb9410d79"

[[bindings]]
doc = "docs/architecture/orchestrator-runone.md"
target = "apps/symphony-orchestrator/src/orchestrator/service.ts"
sig = "16b0e2df786a332c"

[[bindings]]
doc = "docs/architecture/orchestrator-runone.md"
target = "apps/symphony-orchestrator/src/orchestrator/state.ts"
sig = "b3d88b342c0bb21f"

[[bindings]]
doc = "docs/architecture/orchestrator-runone.md"
target = "apps/symphony-orchestrator/src/orchestrator/transcript.ts"
sig = "fc09e718f2cc3d86"

[[bindings]]
doc = "docs/architecture/runner-protocol.md"
target = "apps/symphony-orchestrator/src/runner/protocol/InitializeCapabilities.ts"
sig = "0b1b1bec7250bd1e"

[[bindings]]
doc = "docs/architecture/runner-protocol.md"
target = "apps/symphony-orchestrator/src/runner/service.ts"
sig = "76abc128e5bf8abb"

[[bindings]]
doc = "docs/architecture/runner-protocol.md"
target = "apps/symphony-orchestrator/src/runner/session.ts"
sig = "90534e0e3988e2af"

[[bindings]]
doc = "docs/architecture/runner-protocol.md"
target = "apps/symphony-orchestrator/src/runner/turn.ts"
sig = "112813f003357936"

[[bindings]]
doc = "docs/experiments/2026-05-26-daytona-cloud-lifecycle-smoke.md"
target = "apps/symphony-orchestrator/snapshot/Dockerfile"
sig = "73ed5c7e2d164743"

[[bindings]]
doc = "docs/experiments/2026-05-26-daytona-cloud-lifecycle-smoke.md"
target = "apps/symphony-orchestrator/snapshot/build.ts"
sig = "cc2d8a2516c319bf"

[[bindings]]
doc = "docs/experiments/2026-05-26-daytona-cloud-lifecycle-smoke.md"
target = "apps/symphony-orchestrator/src/daytona/daytona.session.ts"
sig = "9af35d4fcc17521e"

[[bindings]]
doc = "docs/experiments/2026-05-26-daytona-cloud-lifecycle-smoke.md"
target = "apps/symphony-orchestrator/test/daytona/remote-cloud.test.ts"
sig = "1d9fa2937db0c8b7"

[[bindings]]
doc = "docs/experiments/2026-05-26-daytona-cloud-lifecycle-smoke.md"
target = "apps/symphony-orchestrator/test/daytona/test-helpers/remote-cloud.ts"
sig = "b707406d4df43075"
